// !$*UTF8*$!
{
	archiveVersion = 1;
	classes = {
	};
	objectVersion = 50;
	objects = {

/* Begin PBXBuildFile section */
		2B6C1D602572E58500155B57 /* SettingsViewController.swift in Sources */ = {isa = PBXBuildFile; fileRef = 2B6C1D5F2572E58500155B57 /* SettingsViewController.swift */; };
		2B6C1D642573283600155B57 /* PracticeSentencesViewController.swift in Sources */ = {isa = PBXBuildFile; fileRef = 2B6C1D632573283600155B57 /* PracticeSentencesViewController.swift */; };
		2B6C1D6725732A6400155B57 /* PracticeSingleWordsViewController.swift in Sources */ = {isa = PBXBuildFile; fileRef = 2B6C1D6625732A6400155B57 /* PracticeSingleWordsViewController.swift */; };
		2B6C1D6A25732B2100155B57 /* PastSessionsViewController.swift in Sources */ = {isa = PBXBuildFile; fileRef = 2B6C1D6925732B2100155B57 /* PastSessionsViewController.swift */; };
		2B7382D92572C61600A01BB7 /* AppDelegate.swift in Sources */ = {isa = PBXBuildFile; fileRef = 2B7382D82572C61600A01BB7 /* AppDelegate.swift */; };
		2B7382DB2572C61600A01BB7 /* SceneDelegate.swift in Sources */ = {isa = PBXBuildFile; fileRef = 2B7382DA2572C61600A01BB7 /* SceneDelegate.swift */; };
		2B7382DD2572C61600A01BB7 /* HomeViewController.swift in Sources */ = {isa = PBXBuildFile; fileRef = 2B7382DC2572C61600A01BB7 /* HomeViewController.swift */; };
		2B7382E02572C61600A01BB7 /* Main.storyboard in Resources */ = {isa = PBXBuildFile; fileRef = 2B7382DE2572C61600A01BB7 /* Main.storyboard */; };
		2B7382E22572C61900A01BB7 /* Assets.xcassets in Resources */ = {isa = PBXBuildFile; fileRef = 2B7382E12572C61900A01BB7 /* Assets.xcassets */; };
		2B7382E52572C61900A01BB7 /* LaunchScreen.storyboard in Resources */ = {isa = PBXBuildFile; fileRef = 2B7382E32572C61900A01BB7 /* LaunchScreen.storyboard */; };
/* End PBXBuildFile section */

/* Begin PBXFileReference section */
		2B6C1D5F2572E58500155B57 /* SettingsViewController.swift */ = {isa = PBXFileReference; lastKnownFileType = sourcecode.swift; path = SettingsViewController.swift; sourceTree = "<group>"; };
		2B6C1D632573283600155B57 /* PracticeSentencesViewController.swift */ = {isa = PBXFileReference; lastKnownFileType = sourcecode.swift; path = PracticeSentencesViewController.swift; sourceTree = "<group>"; };
		2B6C1D6625732A6400155B57 /* PracticeSingleWordsViewController.swift */ = {isa = PBXFileReference; lastKnownFileType = sourcecode.swift; path = PracticeSingleWordsViewController.swift; sourceTree = "<group>"; };
		2B6C1D6925732B2100155B57 /* PastSessionsViewController.swift */ = {isa = PBXFileReference; lastKnownFileType = sourcecode.swift; path = PastSessionsViewController.swift; sourceTree = "<group>"; };
		2B7382D52572C61600A01BB7 /* SpeechPractice.app */ = {isa = PBXFileReference; explicitFileType = wrapper.application; includeInIndex = 0; path = SpeechPractice.app; sourceTree = BUILT_PRODUCTS_DIR; };
		2B7382D82572C61600A01BB7 /* AppDelegate.swift */ = {isa = PBXFileReference; lastKnownFileType = sourcecode.swift; path = AppDelegate.swift; sourceTree = "<group>"; };
		2B7382DA2572C61600A01BB7 /* SceneDelegate.swift */ = {isa = PBXFileReference; lastKnownFileType = sourcecode.swift; path = SceneDelegate.swift; sourceTree = "<group>"; };
		2B7382DC2572C61600A01BB7 /* HomeViewController.swift */ = {isa = PBXFileReference; lastKnownFileType = sourcecode.swift; path = HomeViewController.swift; sourceTree = "<group>"; };
		2B7382DF2572C61600A01BB7 /* Base */ = {isa = PBXFileReference; lastKnownFileType = file.storyboard; name = Base; path = Base.lproj/Main.storyboard; sourceTree = "<group>"; };
		2B7382E12572C61900A01BB7 /* Assets.xcassets */ = {isa = PBXFileReference; lastKnownFileType = folder.assetcatalog; path = Assets.xcassets; sourceTree = "<group>"; };
		2B7382E42572C61900A01BB7 /* Base */ = {isa = PBXFileReference; lastKnownFileType = file.storyboard; name = Base; path = Base.lproj/LaunchScreen.storyboard; sourceTree = "<group>"; };
		2B7382E62572C61900A01BB7 /* Info.plist */ = {isa = PBXFileReference; lastKnownFileType = text.plist.xml; path = Info.plist; sourceTree = "<group>"; };
/* End PBXFileReference section */

/* Begin PBXFrameworksBuildPhase section */
		2B7382D22572C61600A01BB7 /* Frameworks */ = {
			isa = PBXFrameworksBuildPhase;
			buildActionMask = 2147483647;
			files = (
			);
			runOnlyForDeploymentPostprocessing = 0;
		};
/* End PBXFrameworksBuildPhase section */

/* Begin PBXGroup section */
		2B7382CC2572C61600A01BB7 = {
			isa = PBXGroup;
			children = (
				2B7382D72572C61600A01BB7 /* SpeechPractice */,
				2B7382D62572C61600A01BB7 /* Products */,
			);
			sourceTree = "<group>";
		};
		2B7382D62572C61600A01BB7 /* Products */ = {
			isa = PBXGroup;
			children = (
				2B7382D52572C61600A01BB7 /* SpeechPractice.app */,
			);
			name = Products;
			sourceTree = "<group>";
		};
		2B7382D72572C61600A01BB7 /* SpeechPractice */ = {
			isa = PBXGroup;
			children = (
				2B7382D82572C61600A01BB7 /* AppDelegate.swift */,
				2B7382DA2572C61600A01BB7 /* SceneDelegate.swift */,
				2B7382DC2572C61600A01BB7 /* HomeViewController.swift */,
				2B6C1D5F2572E58500155B57 /* SettingsViewController.swift */,
				2B6C1D6925732B2100155B57 /* PastSessionsViewController.swift */,
				2B6C1D6625732A6400155B57 /* PracticeSingleWordsViewController.swift */,
				2B6C1D632573283600155B57 /* PracticeSentencesViewController.swift */,
				2B7382DE2572C61600A01BB7 /* Main.storyboard */,
				2B7382E12572C61900A01BB7 /* Assets.xcassets */,
				2B7382E32572C61900A01BB7 /* LaunchScreen.storyboard */,
				2B7382E62572C61900A01BB7 /* Info.plist */,
			);
			path = SpeechPractice;
			sourceTree = "<group>";
		};
/* End PBXGroup section */

/* Begin PBXNativeTarget section */
		2B7382D42572C61600A01BB7 /* SpeechPractice */ = {
			isa = PBXNativeTarget;
			buildConfigurationList = 2B7382E92572C61900A01BB7 /* Build configuration list for PBXNativeTarget "SpeechPractice" */;
			buildPhases = (
				2B7382D12572C61600A01BB7 /* Sources */,
				2B7382D22572C61600A01BB7 /* Frameworks */,
				2B7382D32572C61600A01BB7 /* Resources */,
			);
			buildRules = (
			);
			dependencies = (
			);
			name = SpeechPractice;
			productName = SpeechPractice;
			productReference = 2B7382D52572C61600A01BB7 /* SpeechPractice.app */;
			productType = "com.apple.product-type.application";
		};
/* End PBXNativeTarget section */

/* Begin PBXProject section */
		2B7382CD2572C61600A01BB7 /* Project object */ = {
			isa = PBXProject;
			attributes = {
				LastSwiftUpdateCheck = 1210;
				LastUpgradeCheck = 1210;
				TargetAttributes = {
					2B7382D42572C61600A01BB7 = {
						CreatedOnToolsVersion = 12.1;
					};
				};
			};
			buildConfigurationList = 2B7382D02572C61600A01BB7 /* Build configuration list for PBXProject "SpeechPractice" */;
			compatibilityVersion = "Xcode 9.3";
			developmentRegion = en;
			hasScannedForEncodings = 0;
			knownRegions = (
				en,
				Base,
			);
			mainGroup = 2B7382CC2572C61600A01BB7;
			productRefGroup = 2B7382D62572C61600A01BB7 /* Products */;
			projectDirPath = "";
			projectRoot = "";
			targets = (
				2B7382D42572C61600A01BB7 /* SpeechPractice */,
			);
		};
/* End PBXProject section */

/* Begin PBXResourcesBuildPhase section */
		2B7382D32572C61600A01BB7 /* Resources */ = {
			isa = PBXResourcesBuildPhase;
			buildActionMask = 2147483647;
			files = (
				2B7382E52572C61900A01BB7 /* LaunchScreen.storyboard in Resources */,
				2B7382E22572C61900A01BB7 /* Assets.xcassets in Resources */,
				2B7382E02572C61600A01BB7 /* Main.storyboard in Resources */,
			);
			runOnlyForDeploymentPostprocessing = 0;
		};
/* End PBXResourcesBuildPhase section */

/* Begin PBXSourcesBuildPhase section */
		2B7382D12572C61600A01BB7 /* Sources */ = {
			isa = PBXSourcesBuildPhase;
			buildActionMask = 2147483647;
			files = (
				2B7382DD2572C61600A01BB7 /* HomeViewController.swift in Sources */,
				2B6C1D6725732A6400155B57 /* PracticeSingleWordsViewController.swift in Sources */,
				2B6C1D6A25732B2100155B57 /* PastSessionsViewController.swift in Sources */,
				2B7382D92572C61600A01BB7 /* AppDelegate.swift in Sources */,
				2B7382DB2572C61600A01BB7 /* SceneDelegate.swift in Sources */,
				2B6C1D642573283600155B57 /* PracticeSentencesViewController.swift in Sources */,
				2B6C1D602572E58500155B57 /* SettingsViewController.swift in Sources */,
			);
			runOnlyForDeploymentPostprocessing = 0;
		};
/* End PBXSourcesBuildPhase section */

/* Begin PBXVariantGroup section */
		2B7382DE2572C61600A01BB7 /* Main.storyboard */ = {
			isa = PBXVariantGroup;
			children = (
				2B7382DF2572C61600A01BB7 /* Base */,
			);
			name = Main.storyboard;
			sourceTree = "<group>";
		};
		2B7382E32572C61900A01BB7 /* LaunchScreen.storyboard */ = {
			isa = PBXVariantGroup;
			children = (
				2B7382E42572C61900A01BB7 /* Base */,
			);
			name = LaunchScreen.storyboard;
			sourceTree = "<group>";
		};
/* End PBXVariantGroup section */

/* Begin XCBuildConfiguration section */
		2B7382E72572C61900A01BB7 /* Debug */ = {
			isa = XCBuildConfiguration;
			buildSettings = {
				ALWAYS_SEARCH_USER_PATHS = NO;
				CLANG_ANALYZER_NONNULL = YES;
				CLANG_ANALYZER_NUMBER_OBJECT_CONVERSION = YES_AGGRESSIVE;
				CLANG_CXX_LANGUAGE_STANDARD = "gnu++14";
				CLANG_CXX_LIBRARY = "libc++";
				CLANG_ENABLE_MODULES = YES;
				CLANG_ENABLE_OBJC_ARC = YES;
				CLANG_ENABLE_OBJC_WEAK = YES;
				CLANG_WARN_BLOCK_CAPTURE_AUTORELEASING = YES;
				CLANG_WARN_BOOL_CONVERSION = YES;
				CLANG_WARN_COMMA = YES;
				CLANG_WARN_CONSTANT_CONVERSION = YES;
				CLANG_WARN_DEPRECATED_OBJC_IMPLEMENTATIONS = YES;
				CLANG_WARN_DIRECT_OBJC_ISA_USAGE = YES_ERROR;
				CLANG_WARN_DOCUMENTATION_COMMENTS = YES;
				CLANG_WARN_EMPTY_BODY = YES;
				CLANG_WARN_ENUM_CONVERSION = YES;
				CLANG_WARN_INFINITE_RECURSION = YES;
				CLANG_WARN_INT_CONVERSION = YES;
				CLANG_WARN_NON_LITERAL_NULL_CONVERSION = YES;
				CLANG_WARN_OBJC_IMPLICIT_RETAIN_SELF = YES;
				CLANG_WARN_OBJC_LITERAL_CONVERSION = YES;
				CLANG_WARN_OBJC_ROOT_CLASS = YES_ERROR;
				CLANG_WARN_QUOTED_INCLUDE_IN_FRAMEWORK_HEADER = YES;
				CLANG_WARN_RANGE_LOOP_ANALYSIS = YES;
				CLANG_WARN_STRICT_PROTOTYPES = YES;
				CLANG_WARN_SUSPICIOUS_MOVE = YES;
				CLANG_WARN_UNGUARDED_AVAILABILITY = YES_AGGRESSIVE;
				CLANG_WARN_UNREACHABLE_CODE = YES;
				CLANG_WARN__DUPLICATE_METHOD_MATCH = YES;
				COPY_PHASE_STRIP = NO;
				DEBUG_INFORMATION_FORMAT = dwarf;
				ENABLE_STRICT_OBJC_MSGSEND = YES;
				ENABLE_TESTABILITY = YES;
				GCC_C_LANGUAGE_STANDARD = gnu11;
				GCC_DYNAMIC_NO_PIC = NO;
				GCC_NO_COMMON_BLOCKS = YES;
				GCC_OPTIMIZATION_LEVEL = 0;
				GCC_PREPROCESSOR_DEFINITIONS = (
					"DEBUG=1",
					"$(inherited)",
				);
				GCC_WARN_64_TO_32_BIT_CONVERSION = YES;
				GCC_WARN_ABOUT_RETURN_TYPE = YES_ERROR;
				GCC_WARN_UNDECLARED_SELECTOR = YES;
				GCC_WARN_UNINITIALIZED_AUTOS = YES_AGGRESSIVE;
				GCC_WARN_UNUSED_FUNCTION = YES;
				GCC_WARN_UNUSED_VARIABLE = YES;
				IPHONEOS_DEPLOYMENT_TARGET = 14.1;
				MTL_ENABLE_DEBUG_INFO = INCLUDE_SOURCE;
				MTL_FAST_MATH = YES;
				ONLY_ACTIVE_ARCH = YES;
				SDKROOT = iphoneos;
				SWIFT_ACTIVE_COMPILATION_CONDITIONS = DEBUG;
				SWIFT_OPTIMIZATION_LEVEL = "-Onone";
			};
			name = Debug;
		};
		2B7382E82572C61900A01BB7 /* Release */ = {
			isa = XCBuildConfiguration;
			buildSettings = {
				ALWAYS_SEARCH_USER_PATHS = NO;
				CLANG_ANALYZER_NONNULL = YES;
				CLANG_ANALYZER_NUMBER_OBJECT_CONVERSION = YES_AGGRESSIVE;
				CLANG_CXX_LANGUAGE_STANDARD = "gnu++14";
				CLANG_CXX_LIBRARY = "libc++";
				CLANG_ENABLE_MODULES = YES;
				CLANG_ENABLE_OBJC_ARC = YES;
				CLANG_ENABLE_OBJC_WEAK = YES;
				CLANG_WARN_BLOCK_CAPTURE_AUTORELEASING = YES;
				CLANG_WARN_BOOL_CONVERSION = YES;
				CLANG_WARN_COMMA = YES;
				CLANG_WARN_CONSTANT_CONVERSION = YES;
				CLANG_WARN_DEPRECATED_OBJC_IMPLEMENTATIONS = YES;
				CLANG_WARN_DIRECT_OBJC_ISA_USAGE = YES_ERROR;
				CLANG_WARN_DOCUMENTATION_COMMENTS = YES;
				CLANG_WARN_EMPTY_BODY = YES;
				CLANG_WARN_ENUM_CONVERSION = YES;
				CLANG_WARN_INFINITE_RECURSION = YES;
				CLANG_WARN_INT_CONVERSION = YES;
				CLANG_WARN_NON_LITERAL_NULL_CONVERSION = YES;
				CLANG_WARN_OBJC_IMPLICIT_RETAIN_SELF = YES;
				CLANG_WARN_OBJC_LITERAL_CONVERSION = YES;
				CLANG_WARN_OBJC_ROOT_CLASS = YES_ERROR;
				CLANG_WARN_QUOTED_INCLUDE_IN_FRAMEWORK_HEADER = YES;
				CLANG_WARN_RANGE_LOOP_ANALYSIS = YES;
				CLANG_WARN_STRICT_PROTOTYPES = YES;
				CLANG_WARN_SUSPICIOUS_MOVE = YES;
				CLANG_WARN_UNGUARDED_AVAILABILITY = YES_AGGRESSIVE;
				CLANG_WARN_UNREACHABLE_CODE = YES;
				CLANG_WARN__DUPLICATE_METHOD_MATCH = YES;
				COPY_PHASE_STRIP = NO;
				DEBUG_INFORMATION_FORMAT = "dwarf-with-dsym";
				ENABLE_NS_ASSERTIONS = NO;
				ENABLE_STRICT_OBJC_MSGSEND = YES;
				GCC_C_LANGUAGE_STANDARD = gnu11;
				GCC_NO_COMMON_BLOCKS = YES;
				GCC_WARN_64_TO_32_BIT_CONVERSION = YES;
				GCC_WARN_ABOUT_RETURN_TYPE = YES_ERROR;
				GCC_WARN_UNDECLARED_SELECTOR = YES;
				GCC_WARN_UNINITIALIZED_AUTOS = YES_AGGRESSIVE;
				GCC_WARN_UNUSED_FUNCTION = YES;
				GCC_WARN_UNUSED_VARIABLE = YES;
				IPHONEOS_DEPLOYMENT_TARGET = 14.1;
				MTL_ENABLE_DEBUG_INFO = NO;
				MTL_FAST_MATH = YES;
				SDKROOT = iphoneos;
				SWIFT_COMPILATION_MODE = wholemodule;
				SWIFT_OPTIMIZATION_LEVEL = "-O";
				VALIDATE_PRODUCT = YES;
			};
			name = Release;
		};
		2B7382EA2572C61900A01BB7 /* Debug */ = {
			isa = XCBuildConfiguration;
			buildSettings = {
				ASSETCATALOG_COMPILER_APPICON_NAME = AppIcon;
				ASSETCATALOG_COMPILER_GLOBAL_ACCENT_COLOR_NAME = AccentColor;
				CODE_SIGN_STYLE = Automatic;
				DEVELOPMENT_TEAM = B7SA2QXNDR;
				INFOPLIST_FILE = SpeechPractice/Info.plist;
				LD_RUNPATH_SEARCH_PATHS = (
					"$(inherited)",
					"@executable_path/Frameworks",
				);
				PRODUCT_BUNDLE_IDENTIFIER = com.ericgrimm.SpeechPractice;
				PRODUCT_NAME = "$(TARGET_NAME)";
				SWIFT_VERSION = 5.0;
				TARGETED_DEVICE_FAMILY = "1,2";
			};
			name = Debug;
		};
		2B7382EB2572C61900A01BB7 /* Release */ = {
			isa = XCBuildConfiguration;
			buildSettings = {
				ASSETCATALOG_COMPILER_APPICON_NAME = AppIcon;
				ASSETCATALOG_COMPILER_GLOBAL_ACCENT_COLOR_NAME = AccentColor;
				CODE_SIGN_STYLE = Automatic;
				DEVELOPMENT_TEAM = B7SA2QXNDR;
				INFOPLIST_FILE = SpeechPractice/Info.plist;
				LD_RUNPATH_SEARCH_PATHS = (
					"$(inherited)",
					"@executable_path/Frameworks",
				);
				PRODUCT_BUNDLE_IDENTIFIER = com.ericgrimm.SpeechPractice;
				PRODUCT_NAME = "$(TARGET_NAME)";
				SWIFT_VERSION = 5.0;
				TARGETED_DEVICE_FAMILY = "1,2";
			};
			name = Release;
		};
/* End XCBuildConfiguration section */

/* Begin XCConfigurationList section */
		2B7382D02572C61600A01BB7 /* Build configuration list for PBXProject "SpeechPractice" */ = {
			isa = XCConfigurationList;
			buildConfigurations = (
				2B7382E72572C61900A01BB7 /* Debug */,
				2B7382E82572C61900A01BB7 /* Release */,
			);
			defaultConfigurationIsVisible = 0;
			defaultConfigurationName = Release;
		};
		2B7382E92572C61900A01BB7 /* Build configuration list for PBXNativeTarget "SpeechPractice" */ = {
			isa = XCConfigurationList;
			buildConfigurations = (
				2B7382EA2572C61900A01BB7 /* Debug */,
				2B7382EB2572C61900A01BB7 /* Release */,
			);
			defaultConfigurationIsVisible = 0;
			defaultConfigurationName = Release;
		};
/* End XCConfigurationList section */
	};
	rootObject = 2B7382CD2572C61600A01BB7 /* Project object */;
}
